
Microsoft Visual Studio Solution File, Format Version 12.00
# Visual Studio Version 17
VisualStudioVersion = 17.2.32505.173
MinimumVisualStudioVersion = 10.0.40219.1
Project("{FAE04EC0-301F-11D3-BF4B-00C04F79EFBC}") = "Web_Service_Amex", "Web_Service_Amex.csproj", "{7FBD2D2C-053D-43E3-B140-FAAD51B67941}"
EndProject
Global
	GlobalSection(SolutionConfigurationPlatforms) = preSolution
		Debug|Any CPU = Debug|Any CPU
		Release|Any CPU = Release|Any CPU
	EndGlobalSection
	GlobalSection(ProjectConfigurationPlatforms) = postSolution
		{7FBD2D2C-053D-43E3-B140-FAAD51B67941}.Debug|Any CPU.ActiveCfg = Debug|Any CPU
		{7FBD2D2C-053D-43E3-B140-FAAD51B67941}.Debug|Any CPU.Build.0 = Debug|Any CPU
		{7FBD2D2C-053D-43E3-B140-FAAD51B67941}.Release|Any CPU.ActiveCfg = Release|Any CPU
		{7FBD2D2C-053D-43E3-B140-FAAD51B67941}.Release|Any CPU.Build.0 = Release|Any CPU
	EndGlobalSection
	GlobalSection(SolutionProperties) = preSolution
		HideSolutionNode = FALSE
	EndGlobalSection
	GlobalSection(ExtensibilityGlobals) = postSolution
		SolutionGuid = {39C4A665-BA8C-429B-82C8-9319494C1DF2}
	EndGlobalSection
EndGlobal
